// !$*UTF8*$!
{
	archiveVersion = 1;
	classes = {
	};
	objectVersion = 56;
	objects = {

/* Begin PBXBuildFile section */
		4B3BCE822B0A347000395E55 /* Inter-Bold.ttf in Resources */ = {isa = PBXBuildFile; fileRef = 4BDAAEE12B0A33F300CCD3B8 /* Inter-Bold.ttf */; };
		4B3BCE842B0CB8A600395E55 /* HapticsManager .swift in Sources */ = {isa = PBXBuildFile; fileRef = 4B3BCE832B0CB85C00395E55 /* HapticsManager .swift */; };
		4B3BCE862B0E25F200395E55 /* Extension.swift in Sources */ = {isa = PBXBuildFile; fileRef = 4B3BCE852B0E25F200395E55 /* Extension.swift */; };
		4B3BCE882B10759200395E55 /* RulesScene.swift in Sources */ = {isa = PBXBuildFile; fileRef = 4B3BCE872B10759200395E55 /* RulesScene.swift */; };
		4B3BCE8A2B10912E00395E55 /* Inter-Medium.ttf in Resources */ = {isa = PBXBuildFile; fileRef = 4B3BCE892B1090E900395E55 /* Inter-Medium.ttf */; };
		4BB94CF72B04E37700DEF210 /* AppDelegate.swift in Sources */ = {isa = PBXBuildFile; fileRef = 4BB94CF62B04E37700DEF210 /* AppDelegate.swift */; };
		4BB94CFD2B04E37700DEF210 /* GameScene.swift in Sources */ = {isa = PBXBuildFile; fileRef = 4BB94CFC2B04E37700DEF210 /* GameScene.swift */; };
		4BB94CFF2B04E37700DEF210 /* GameViewController.swift in Sources */ = {isa = PBXBuildFile; fileRef = 4BB94CFE2B04E37700DEF210 /* GameViewController.swift */; };
		4BB94D042B04E37800DEF210 /* Assets.xcassets in Resources */ = {isa = PBXBuildFile; fileRef = 4BB94D032B04E37800DEF210 /* Assets.xcassets */; };
		4BB94D072B04E37800DEF210 /* LaunchScreen.storyboard in Resources */ = {isa = PBXBuildFile; fileRef = 4BB94D052B04E37800DEF210 /* LaunchScreen.storyboard */; };
		4BB94D122B04F50A00DEF210 /* Background.swift in Sources */ = {isa = PBXBuildFile; fileRef = 4BB94D112B04F50A00DEF210 /* Background.swift */; };
		4BB94D142B04F9FD00DEF210 /* Coin.swift in Sources */ = {isa = PBXBuildFile; fileRef = 4BB94D132B04F9FC00DEF210 /* Coin.swift */; };
		4BB94D182B0613CB00DEF210 /* HUD.swift in Sources */ = {isa = PBXBuildFile; fileRef = 4BB94D172B0613CB00DEF210 /* HUD.swift */; };
		4BB94D1A2B06684400DEF210 /* ParentScene.swift in Sources */ = {isa = PBXBuildFile; fileRef = 4BB94D192B06684400DEF210 /* ParentScene.swift */; };
		4BB94D1C2B0668FB00DEF210 /* GameResults.swift in Sources */ = {isa = PBXBuildFile; fileRef = 4BB94D1B2B0668FB00DEF210 /* GameResults.swift */; };
		4BB94D202B066B6800DEF210 /* GameOverScene.swift in Sources */ = {isa = PBXBuildFile; fileRef = 4BB94D1F2B066B6800DEF210 /* GameOverScene.swift */; };
		4BB94D272B074BF900DEF210 /* FirstScene.swift in Sources */ = {isa = PBXBuildFile; fileRef = 4BB94D262B074BF900DEF210 /* FirstScene.swift */; };
		4BB94D2C2B07788100DEF210 /* IntroViewController.swift in Sources */ = {isa = PBXBuildFile; fileRef = 4BB94D2A2B07788100DEF210 /* IntroViewController.swift */; };
		4BB94D2D2B07788100DEF210 /* IntroViewController.xib in Resources */ = {isa = PBXBuildFile; fileRef = 4BB94D2B2B07788100DEF210 /* IntroViewController.xib */; };
/* End PBXBuildFile section */

/* Begin PBXFileReference section */
		4B3BCE832B0CB85C00395E55 /* HapticsManager .swift */ = {isa = PBXFileReference; lastKnownFileType = sourcecode.swift; path = "HapticsManager .swift"; sourceTree = "<group>"; };
		4B3BCE852B0E25F200395E55 /* Extension.swift */ = {isa = PBXFileReference; lastKnownFileType = sourcecode.swift; path = Extension.swift; sourceTree = "<group>"; };
		4B3BCE872B10759200395E55 /* RulesScene.swift */ = {isa = PBXFileReference; lastKnownFileType = sourcecode.swift; path = RulesScene.swift; sourceTree = "<group>"; };
		4B3BCE892B1090E900395E55 /* Inter-Medium.ttf */ = {isa = PBXFileReference; lastKnownFileType = file; path = "Inter-Medium.ttf"; sourceTree = "<group>"; };
		4BB94CF32B04E37700DEF210 /* GetCoinsGame.app */ = {isa = PBXFileReference; explicitFileType = wrapper.application; includeInIndex = 0; path = GetCoinsGame.app; sourceTree = BUILT_PRODUCTS_DIR; };
		4BB94CF62B04E37700DEF210 /* AppDelegate.swift */ = {isa = PBXFileReference; lastKnownFileType = sourcecode.swift; path = AppDelegate.swift; sourceTree = "<group>"; };
		4BB94CFC2B04E37700DEF210 /* GameScene.swift */ = {isa = PBXFileReference; lastKnownFileType = sourcecode.swift; path = GameScene.swift; sourceTree = "<group>"; };
		4BB94CFE2B04E37700DEF210 /* GameViewController.swift */ = {isa = PBXFileReference; lastKnownFileType = sourcecode.swift; path = GameViewController.swift; sourceTree = "<group>"; };
		4BB94D032B04E37800DEF210 /* Assets.xcassets */ = {isa = PBXFileReference; lastKnownFileType = folder.assetcatalog; path = Assets.xcassets; sourceTree = "<group>"; };
		4BB94D062B04E37800DEF210 /* Base */ = {isa = PBXFileReference; lastKnownFileType = file.storyboard; name = Base; path = Base.lproj/LaunchScreen.storyboard; sourceTree = "<group>"; };
		4BB94D112B04F50A00DEF210 /* Background.swift */ = {isa = PBXFileReference; lastKnownFileType = sourcecode.swift; path = Background.swift; sourceTree = "<group>"; };
		4BB94D132B04F9FC00DEF210 /* Coin.swift */ = {isa = PBXFileReference; lastKnownFileType = sourcecode.swift; path = Coin.swift; sourceTree = "<group>"; };
		4BB94D172B0613CB00DEF210 /* HUD.swift */ = {isa = PBXFileReference; lastKnownFileType = sourcecode.swift; path = HUD.swift; sourceTree = "<group>"; };
		4BB94D192B06684400DEF210 /* ParentScene.swift */ = {isa = PBXFileReference; lastKnownFileType = sourcecode.swift; path = ParentScene.swift; sourceTree = "<group>"; };
		4BB94D1B2B0668FB00DEF210 /* GameResults.swift */ = {isa = PBXFileReference; lastKnownFileType = sourcecode.swift; path = GameResults.swift; sourceTree = "<group>"; };
		4BB94D1F2B066B6800DEF210 /* GameOverScene.swift */ = {isa = PBXFileReference; lastKnownFileType = sourcecode.swift; path = GameOverScene.swift; sourceTree = "<group>"; };
		4BB94D262B074BF900DEF210 /* FirstScene.swift */ = {isa = PBXFileReference; lastKnownFileType = sourcecode.swift; path = FirstScene.swift; sourceTree = "<group>"; };
		4BB94D2A2B07788100DEF210 /* IntroViewController.swift */ = {isa = PBXFileReference; lastKnownFileType = sourcecode.swift; path = IntroViewController.swift; sourceTree = "<group>"; };
		4BB94D2B2B07788100DEF210 /* IntroViewController.xib */ = {isa = PBXFileReference; lastKnownFileType = file.xib; path = IntroViewController.xib; sourceTree = "<group>"; };
		4BB94D2E2B077CBB00DEF210 /* GetCoinsGame-Info.plist */ = {isa = PBXFileReference; lastKnownFileType = text.plist; path = "GetCoinsGame-Info.plist"; sourceTree = "<group>"; };
		4BDAAEE12B0A33F300CCD3B8 /* Inter-Bold.ttf */ = {isa = PBXFileReference; lastKnownFileType = file; path = "Inter-Bold.ttf"; sourceTree = "<group>"; };
/* End PBXFileReference section */

/* Begin PBXFrameworksBuildPhase section */
		4BB94CF02B04E37700DEF210 /* Frameworks */ = {
			isa = PBXFrameworksBuildPhase;
			buildActionMask = 2147483647;
			files = (
			);
			runOnlyForDeploymentPostprocessing = 0;
		};
/* End PBXFrameworksBuildPhase section */

/* Begin PBXGroup section */
		4BB94CEA2B04E37700DEF210 = {
			isa = PBXGroup;
			children = (
				4BB94D2E2B077CBB00DEF210 /* GetCoinsGame-Info.plist */,
				4BB94CF52B04E37700DEF210 /* GetCoinsGame */,
				4BB94CF42B04E37700DEF210 /* Products */,
			);
			sourceTree = "<group>";
		};
		4BB94CF42B04E37700DEF210 /* Products */ = {
			isa = PBXGroup;
			children = (
				4BB94CF32B04E37700DEF210 /* GetCoinsGame.app */,
			);
			name = Products;
			sourceTree = "<group>";
		};
		4BB94CF52B04E37700DEF210 /* GetCoinsGame */ = {
			isa = PBXGroup;
			children = (
				4BB94D222B07499100DEF210 /* Managers */,
				4BB94D212B07496900DEF210 /* Scenes */,
				4BB94D232B0749D800DEF210 /* Classes */,
				4BB94D252B074A2C00DEF210 /* Controllers */,
				4BB94D242B074A0600DEF210 /* Supporting files */,
			);
			path = GetCoinsGame;
			sourceTree = "<group>";
		};
		4BB94D212B07496900DEF210 /* Scenes */ = {
			isa = PBXGroup;
			children = (
				4BB94D192B06684400DEF210 /* ParentScene.swift */,
				4BB94D262B074BF900DEF210 /* FirstScene.swift */,
				4B3BCE872B10759200395E55 /* RulesScene.swift */,
				4BB94CFC2B04E37700DEF210 /* GameScene.swift */,
				4BB94D1F2B066B6800DEF210 /* GameOverScene.swift */,
			);
			path = Scenes;
			sourceTree = "<group>";
		};
		4BB94D222B07499100DEF210 /* Managers */ = {
			isa = PBXGroup;
			children = (
				4B3BCE832B0CB85C00395E55 /* HapticsManager .swift */,
				4BB94D1B2B0668FB00DEF210 /* GameResults.swift */,
			);
			path = Managers;
			sourceTree = "<group>";
		};
		4BB94D232B0749D800DEF210 /* Classes */ = {
			isa = PBXGroup;
			children = (
				4B3BCE852B0E25F200395E55 /* Extension.swift */,
				4BB94D172B0613CB00DEF210 /* HUD.swift */,
				4BB94D112B04F50A00DEF210 /* Background.swift */,
				4BB94D132B04F9FC00DEF210 /* Coin.swift */,
			);
			path = Classes;
			sourceTree = "<group>";
		};
		4BB94D242B074A0600DEF210 /* Supporting files */ = {
			isa = PBXGroup;
			children = (
				4BB94CF62B04E37700DEF210 /* AppDelegate.swift */,
				4BB94D032B04E37800DEF210 /* Assets.xcassets */,
				4BDAAEE12B0A33F300CCD3B8 /* Inter-Bold.ttf */,
				4B3BCE892B1090E900395E55 /* Inter-Medium.ttf */,
				4BB94D052B04E37800DEF210 /* LaunchScreen.storyboard */,
				4BB94D2B2B07788100DEF210 /* IntroViewController.xib */,
			);
			path = "Supporting files";
			sourceTree = "<group>";
		};
		4BB94D252B074A2C00DEF210 /* Controllers */ = {
			isa = PBXGroup;
			children = (
				4BB94CFE2B04E37700DEF210 /* GameViewController.swift */,
				4BB94D2A2B07788100DEF210 /* IntroViewController.swift */,
			);
			path = Controllers;
			sourceTree = "<group>";
		};
/* End PBXGroup section */

/* Begin PBXNativeTarget section */
		4BB94CF22B04E37700DEF210 /* GetCoinsGame */ = {
			isa = PBXNativeTarget;
			buildConfigurationList = 4BB94D0A2B04E37800DEF210 /* Build configuration list for PBXNativeTarget "GetCoinsGame" */;
			buildPhases = (
				4BB94CEF2B04E37700DEF210 /* Sources */,
				4BB94CF02B04E37700DEF210 /* Frameworks */,
				4BB94CF12B04E37700DEF210 /* Resources */,
			);
			buildRules = (
			);
			dependencies = (
			);
			name = GetCoinsGame;
			productName = 8888;
			productReference = 4BB94CF32B04E37700DEF210 /* GetCoinsGame.app */;
			productType = "com.apple.product-type.application";
		};
/* End PBXNativeTarget section */

/* Begin PBXProject section */
		4BB94CEB2B04E37700DEF210 /* Project object */ = {
			isa = PBXProject;
			attributes = {
				BuildIndependentTargetsInParallel = 1;
				LastSwiftUpdateCheck = 1500;
				LastUpgradeCheck = 1500;
				TargetAttributes = {
					4BB94CF22B04E37700DEF210 = {
						CreatedOnToolsVersion = 15.0;
					};
				};
			};
			buildConfigurationList = 4BB94CEE2B04E37700DEF210 /* Build configuration list for PBXProject "GetCoinsGame" */;
			compatibilityVersion = "Xcode 14.0";
			developmentRegion = en;
			hasScannedForEncodings = 0;
			knownRegions = (
				en,
				Base,
			);
			mainGroup = 4BB94CEA2B04E37700DEF210;
			productRefGroup = 4BB94CF42B04E37700DEF210 /* Products */;
			projectDirPath = "";
			projectRoot = "";
			targets = (
				4BB94CF22B04E37700DEF210 /* GetCoinsGame */,
			);
		};
/* End PBXProject section */

/* Begin PBXResourcesBuildPhase section */
		4BB94CF12B04E37700DEF210 /* Resources */ = {
			isa = PBXResourcesBuildPhase;
			buildActionMask = 2147483647;
			files = (
				4BB94D042B04E37800DEF210 /* Assets.xcassets in Resources */,
				4BB94D072B04E37800DEF210 /* LaunchScreen.storyboard in Resources */,
				4B3BCE822B0A347000395E55 /* Inter-Bold.ttf in Resources */,
				4B3BCE8A2B10912E00395E55 /* Inter-Medium.ttf in Resources */,
				4BB94D2D2B07788100DEF210 /* IntroViewController.xib in Resources */,
			);
			runOnlyForDeploymentPostprocessing = 0;
		};
/* End PBXResourcesBuildPhase section */

/* Begin PBXSourcesBuildPhase section */
		4BB94CEF2B04E37700DEF210 /* Sources */ = {
			isa = PBXSourcesBuildPhase;
			buildActionMask = 2147483647;
			files = (
				4BB94D202B066B6800DEF210 /* GameOverScene.swift in Sources */,
				4BB94D1C2B0668FB00DEF210 /* GameResults.swift in Sources */,
				4BB94D1A2B06684400DEF210 /* ParentScene.swift in Sources */,
				4BB94D2C2B07788100DEF210 /* IntroViewController.swift in Sources */,
				4B3BCE882B10759200395E55 /* RulesScene.swift in Sources */,
				4BB94D182B0613CB00DEF210 /* HUD.swift in Sources */,
				4BB94CFD2B04E37700DEF210 /* GameScene.swift in Sources */,
				4B3BCE842B0CB8A600395E55 /* HapticsManager .swift in Sources */,
				4BB94D272B074BF900DEF210 /* FirstScene.swift in Sources */,
				4B3BCE862B0E25F200395E55 /* Extension.swift in Sources */,
				4BB94CFF2B04E37700DEF210 /* GameViewController.swift in Sources */,
				4BB94CF72B04E37700DEF210 /* AppDelegate.swift in Sources */,
				4BB94D142B04F9FD00DEF210 /* Coin.swift in Sources */,
				4BB94D122B04F50A00DEF210 /* Background.swift in Sources */,
			);
			runOnlyForDeploymentPostprocessing = 0;
		};
/* End PBXSourcesBuildPhase section */

/* Begin PBXVariantGroup section */
		4BB94D052B04E37800DEF210 /* LaunchScreen.storyboard */ = {
			isa = PBXVariantGroup;
			children = (
				4BB94D062B04E37800DEF210 /* Base */,
			);
			name = LaunchScreen.storyboard;
			sourceTree = "<group>";
		};
/* End PBXVariantGroup section */

/* Begin XCBuildConfiguration section */
		4BB94D082B04E37800DEF210 /* Debug */ = {
			isa = XCBuildConfiguration;
			buildSettings = {
				ALWAYS_SEARCH_USER_PATHS = NO;
				ASSETCATALOG_COMPILER_GENERATE_SWIFT_ASSET_SYMBOL_EXTENSIONS = YES;
				CLANG_ANALYZER_NONNULL = YES;
				CLANG_ANALYZER_NUMBER_OBJECT_CONVERSION = YES_AGGRESSIVE;
				CLANG_CXX_LANGUAGE_STANDARD = "gnu++20";
				CLANG_ENABLE_MODULES = YES;
				CLANG_ENABLE_OBJC_ARC = YES;
				CLANG_ENABLE_OBJC_WEAK = YES;
				CLANG_WARN_BLOCK_CAPTURE_AUTORELEASING = YES;
				CLANG_WARN_BOOL_CONVERSION = YES;
				CLANG_WARN_COMMA = YES;
				CLANG_WARN_CONSTANT_CONVERSION = YES;
				CLANG_WARN_DEPRECATED_OBJC_IMPLEMENTATIONS = YES;
				CLANG_WARN_DIRECT_OBJC_ISA_USAGE = YES_ERROR;
				CLANG_WARN_DOCUMENTATION_COMMENTS = YES;
				CLANG_WARN_EMPTY_BODY = YES;
				CLANG_WARN_ENUM_CONVERSION = YES;
				CLANG_WARN_INFINITE_RECURSION = YES;
				CLANG_WARN_INT_CONVERSION = YES;
				CLANG_WARN_NON_LITERAL_NULL_CONVERSION = YES;
				CLANG_WARN_OBJC_IMPLICIT_RETAIN_SELF = YES;
				CLANG_WARN_OBJC_LITERAL_CONVERSION = YES;
				CLANG_WARN_OBJC_ROOT_CLASS = YES_ERROR;
				CLANG_WARN_QUOTED_INCLUDE_IN_FRAMEWORK_HEADER = YES;
				CLANG_WARN_RANGE_LOOP_ANALYSIS = YES;
				CLANG_WARN_STRICT_PROTOTYPES = YES;
				CLANG_WARN_SUSPICIOUS_MOVE = YES;
				CLANG_WARN_UNGUARDED_AVAILABILITY = YES_AGGRESSIVE;
				CLANG_WARN_UNREACHABLE_CODE = YES;
				CLANG_WARN__DUPLICATE_METHOD_MATCH = YES;
				COPY_PHASE_STRIP = NO;
				DEBUG_INFORMATION_FORMAT = dwarf;
				ENABLE_STRICT_OBJC_MSGSEND = YES;
				ENABLE_TESTABILITY = YES;
				ENABLE_USER_SCRIPT_SANDBOXING = YES;
				GCC_C_LANGUAGE_STANDARD = gnu17;
				GCC_DYNAMIC_NO_PIC = NO;
				GCC_NO_COMMON_BLOCKS = YES;
				GCC_OPTIMIZATION_LEVEL = 0;
				GCC_PREPROCESSOR_DEFINITIONS = (
					"DEBUG=1",
					"$(inherited)",
				);
				GCC_WARN_64_TO_32_BIT_CONVERSION = YES;
				GCC_WARN_ABOUT_RETURN_TYPE = YES_ERROR;
				GCC_WARN_UNDECLARED_SELECTOR = YES;
				GCC_WARN_UNINITIALIZED_AUTOS = YES_AGGRESSIVE;
				GCC_WARN_UNUSED_FUNCTION = YES;
				GCC_WARN_UNUSED_VARIABLE = YES;
				IPHONEOS_DEPLOYMENT_TARGET = 17.0;
				LOCALIZATION_PREFERS_STRING_CATALOGS = YES;
				MTL_ENABLE_DEBUG_INFO = INCLUDE_SOURCE;
				MTL_FAST_MATH = YES;
				ONLY_ACTIVE_ARCH = YES;
				SDKROOT = iphoneos;
				SWIFT_ACTIVE_COMPILATION_CONDITIONS = "DEBUG $(inherited)";
				SWIFT_OPTIMIZATION_LEVEL = "-Onone";
			};
			name = Debug;
		};
		4BB94D092B04E37800DEF210 /* Release */ = {
			isa = XCBuildConfiguration;
			buildSettings = {
				ALWAYS_SEARCH_USER_PATHS = NO;
				ASSETCATALOG_COMPILER_GENERATE_SWIFT_ASSET_SYMBOL_EXTENSIONS = YES;
				CLANG_ANALYZER_NONNULL = YES;
				CLANG_ANALYZER_NUMBER_OBJECT_CONVERSION = YES_AGGRESSIVE;
				CLANG_CXX_LANGUAGE_STANDARD = "gnu++20";
				CLANG_ENABLE_MODULES = YES;
				CLANG_ENABLE_OBJC_ARC = YES;
				CLANG_ENABLE_OBJC_WEAK = YES;
				CLANG_WARN_BLOCK_CAPTURE_AUTORELEASING = YES;
				CLANG_WARN_BOOL_CONVERSION = YES;
				CLANG_WARN_COMMA = YES;
				CLANG_WARN_CONSTANT_CONVERSION = YES;
				CLANG_WARN_DEPRECATED_OBJC_IMPLEMENTATIONS = YES;
				CLANG_WARN_DIRECT_OBJC_ISA_USAGE = YES_ERROR;
				CLANG_WARN_DOCUMENTATION_COMMENTS = YES;
				CLANG_WARN_EMPTY_BODY = YES;
				CLANG_WARN_ENUM_CONVERSION = YES;
				CLANG_WARN_INFINITE_RECURSION = YES;
				CLANG_WARN_INT_CONVERSION = YES;
				CLANG_WARN_NON_LITERAL_NULL_CONVERSION = YES;
				CLANG_WARN_OBJC_IMPLICIT_RETAIN_SELF = YES;
				CLANG_WARN_OBJC_LITERAL_CONVERSION = YES;
				CLANG_WARN_OBJC_ROOT_CLASS = YES_ERROR;
				CLANG_WARN_QUOTED_INCLUDE_IN_FRAMEWORK_HEADER = YES;
				CLANG_WARN_RANGE_LOOP_ANALYSIS = YES;
				CLANG_WARN_STRICT_PROTOTYPES = YES;
				CLANG_WARN_SUSPICIOUS_MOVE = YES;
				CLANG_WARN_UNGUARDED_AVAILABILITY = YES_AGGRESSIVE;
				CLANG_WARN_UNREACHABLE_CODE = YES;
				CLANG_WARN__DUPLICATE_METHOD_MATCH = YES;
				COPY_PHASE_STRIP = NO;
				DEBUG_INFORMATION_FORMAT = "dwarf-with-dsym";
				ENABLE_NS_ASSERTIONS = NO;
				ENABLE_STRICT_OBJC_MSGSEND = YES;
				ENABLE_USER_SCRIPT_SANDBOXING = YES;
				GCC_C_LANGUAGE_STANDARD = gnu17;
				GCC_NO_COMMON_BLOCKS = YES;
				GCC_WARN_64_TO_32_BIT_CONVERSION = YES;
				GCC_WARN_ABOUT_RETURN_TYPE = YES_ERROR;
				GCC_WARN_UNDECLARED_SELECTOR = YES;
				GCC_WARN_UNINITIALIZED_AUTOS = YES_AGGRESSIVE;
				GCC_WARN_UNUSED_FUNCTION = YES;
				GCC_WARN_UNUSED_VARIABLE = YES;
				IPHONEOS_DEPLOYMENT_TARGET = 17.0;
				LOCALIZATION_PREFERS_STRING_CATALOGS = YES;
				MTL_ENABLE_DEBUG_INFO = NO;
				MTL_FAST_MATH = YES;
				SDKROOT = iphoneos;
				SWIFT_COMPILATION_MODE = wholemodule;
				VALIDATE_PRODUCT = YES;
			};
			name = Release;
		};
		4BB94D0B2B04E37800DEF210 /* Debug */ = {
			isa = XCBuildConfiguration;
			buildSettings = {
				ASSETCATALOG_COMPILER_APPICON_NAME = AppIcon;
				ASSETCATALOG_COMPILER_GLOBAL_ACCENT_COLOR_NAME = AccentColor;
				CODE_SIGN_STYLE = Automatic;
				CURRENT_PROJECT_VERSION = 1;
				DEVELOPMENT_TEAM = D3Z57ZF4U3;
				GENERATE_INFOPLIST_FILE = YES;
				INFOPLIST_FILE = "GetCoinsGame-Info.plist";
				INFOPLIST_KEY_UIApplicationSupportsIndirectInputEvents = YES;
				INFOPLIST_KEY_UILaunchStoryboardName = LaunchScreen;
				INFOPLIST_KEY_UIRequiresFullScreen = YES;
				INFOPLIST_KEY_UIStatusBarHidden = YES;
				INFOPLIST_KEY_UISupportedInterfaceOrientations_iPad = "UIInterfaceOrientationPortrait UIInterfaceOrientationPortraitUpsideDown UIInterfaceOrientationLandscapeLeft UIInterfaceOrientationLandscapeRight";
				INFOPLIST_KEY_UISupportedInterfaceOrientations_iPhone = "UIInterfaceOrientationPortrait UIInterfaceOrientationLandscapeLeft UIInterfaceOrientationLandscapeRight";
				IPHONEOS_DEPLOYMENT_TARGET = 12.0;
				LD_RUNPATH_SEARCH_PATHS = (
					"$(inherited)",
					"@executable_path/Frameworks",
				);
				MARKETING_VERSION = 1.0;
				PRODUCT_BUNDLE_IDENTIFIER = "com.gmail-kuleshovadasha.-888";
				PRODUCT_NAME = "$(TARGET_NAME)";
				SUPPORTED_PLATFORMS = "iphoneos iphonesimulator";
				SUPPORTS_MACCATALYST = NO;
				SUPPORTS_MAC_DESIGNED_FOR_IPHONE_IPAD = NO;
				SWIFT_EMIT_LOC_STRINGS = YES;
				SWIFT_VERSION = 5.0;
				TARGETED_DEVICE_FAMILY = "1,2";
			};
			name = Debug;
		};
		4BB94D0C2B04E37800DEF210 /* Release */ = {
			isa = XCBuildConfiguration;
			buildSettings = {
				ASSETCATALOG_COMPILER_APPICON_NAME = AppIcon;
				ASSETCATALOG_COMPILER_GLOBAL_ACCENT_COLOR_NAME = AccentColor;
				CODE_SIGN_STYLE = Automatic;
				CURRENT_PROJECT_VERSION = 1;
				DEVELOPMENT_TEAM = D3Z57ZF4U3;
				GENERATE_INFOPLIST_FILE = YES;
				INFOPLIST_FILE = "GetCoinsGame-Info.plist";
				INFOPLIST_KEY_UIApplicationSupportsIndirectInputEvents = YES;
				INFOPLIST_KEY_UILaunchStoryboardName = LaunchScreen;
				INFOPLIST_KEY_UIRequiresFullScreen = YES;
				INFOPLIST_KEY_UIStatusBarHidden = YES;
				INFOPLIST_KEY_UISupportedInterfaceOrientations_iPad = "UIInterfaceOrientationPortrait UIInterfaceOrientationPortraitUpsideDown UIInterfaceOrientationLandscapeLeft UIInterfaceOrientationLandscapeRight";
				INFOPLIST_KEY_UISupportedInterfaceOrientations_iPhone = "UIInterfaceOrientationPortrait UIInterfaceOrientationLandscapeLeft UIInterfaceOrientationLandscapeRight";
				IPHONEOS_DEPLOYMENT_TARGET = 12.0;
				LD_RUNPATH_SEARCH_PATHS = (
					"$(inherited)",
					"@executable_path/Frameworks",
				);
				MARKETING_VERSION = 1.0;
				PRODUCT_BUNDLE_IDENTIFIER = "com.gmail-kuleshovadasha.-888";
				PRODUCT_NAME = "$(TARGET_NAME)";
				SUPPORTED_PLATFORMS = "iphoneos iphonesimulator";
				SUPPORTS_MACCATALYST = NO;
				SUPPORTS_MAC_DESIGNED_FOR_IPHONE_IPAD = NO;
				SWIFT_EMIT_LOC_STRINGS = YES;
				SWIFT_VERSION = 5.0;
				TARGETED_DEVICE_FAMILY = "1,2";
			};
			name = Release;
		};
/* End XCBuildConfiguration section */

/* Begin XCConfigurationList section */
		4BB94CEE2B04E37700DEF210 /* Build configuration list for PBXProject "GetCoinsGame" */ = {
			isa = XCConfigurationList;
			buildConfigurations = (
				4BB94D082B04E37800DEF210 /* Debug */,
				4BB94D092B04E37800DEF210 /* Release */,
			);
			defaultConfigurationIsVisible = 0;
			defaultConfigurationName = Release;
		};
		4BB94D0A2B04E37800DEF210 /* Build configuration list for PBXNativeTarget "GetCoinsGame" */ = {
			isa = XCConfigurationList;
			buildConfigurations = (
				4BB94D0B2B04E37800DEF210 /* Debug */,
				4BB94D0C2B04E37800DEF210 /* Release */,
			);
			defaultConfigurationIsVisible = 0;
			defaultConfigurationName = Release;
		};
/* End XCConfigurationList section */
	};
	rootObject = 4BB94CEB2B04E37700DEF210 /* Project object */;
}
